
Microsoft Visual Studio Solution File, Format Version 12.00
# Visual Studio Version 16
VisualStudioVersion = 16.0.30011.22
MinimumVisualStudioVersion = 10.0.40219.1
Project("{FAE04EC0-301F-11D3-BF4B-00C04F79EFBC}") = "Simple.Url", "Simple.Url\Simple.Url.csproj", "{C0A898C8-3EA5-466B-8F1A-FC30586E94D8}"
EndProject
Project("{FAE04EC0-301F-11D3-BF4B-00C04F79EFBC}") = "Simple.Url.Tests", "Simple.Url.Tests\Simple.Url.Tests.csproj", "{838E0CF1-8266-48A0-B17E-1C1B03B369C0}"
EndProject
Global
	GlobalSection(SolutionConfigurationPlatforms) = preSolution
		Debug|Any CPU = Debug|Any CPU
		Release|Any CPU = Release|Any CPU
	EndGlobalSection
	GlobalSection(ProjectConfigurationPlatforms) = postSolution
		{C0A898C8-3EA5-466B-8F1A-FC30586E94D8}.Debug|Any CPU.ActiveCfg = Debug|Any CPU
		{C0A898C8-3EA5-466B-8F1A-FC30586E94D8}.Debug|Any CPU.Build.0 = Debug|Any CPU
		{C0A898C8-3EA5-466B-8F1A-FC30586E94D8}.Release|Any CPU.ActiveCfg = Release|Any CPU
		{C0A898C8-3EA5-466B-8F1A-FC30586E94D8}.Release|Any CPU.Build.0 = Release|Any CPU
		{838E0CF1-8266-48A0-B17E-1C1B03B369C0}.Debug|Any CPU.ActiveCfg = Debug|Any CPU
		{838E0CF1-8266-48A0-B17E-1C1B03B369C0}.Debug|Any CPU.Build.0 = Debug|Any CPU
		{838E0CF1-8266-48A0-B17E-1C1B03B369C0}.Release|Any CPU.ActiveCfg = Release|Any CPU
		{838E0CF1-8266-48A0-B17E-1C1B03B369C0}.Release|Any CPU.Build.0 = Release|Any CPU
	EndGlobalSection
	GlobalSection(SolutionProperties) = preSolution
		HideSolutionNode = FALSE
	EndGlobalSection
	GlobalSection(ExtensibilityGlobals) = postSolution
		SolutionGuid = {968458B6-A0F7-4372-8940-E10384C819CF}
	EndGlobalSection
EndGlobal
